
Microsoft Visual Studio Solution File, Format Version 12.00
# Visual Studio 15
VisualStudioVersion = 15.0.27130.2036
MinimumVisualStudioVersion = 10.0.40219.1
Project("{9A19103F-16F7-4668-BE54-9A1E7A4F7556}") = "Auto.Test.Framework", "Auto.Test.Framework\Auto.Test.Framework.csproj", "{5DE40A5D-5D9F-4275-BA39-6FB48BAD800D}"
EndProject
Project("{9A19103F-16F7-4668-BE54-9A1E7A4F7556}") = "B2BMage.Test", "B2BMage.Test\B2BMage.Test.csproj", "{235DC252-04E6-4E84-8021-85188D436F70}"
EndProject
Global
	GlobalSection(SolutionConfigurationPlatforms) = preSolution
		Debug|Any CPU = Debug|Any CPU
		Release|Any CPU = Release|Any CPU
	EndGlobalSection
	GlobalSection(ProjectConfigurationPlatforms) = postSolution
		{5DE40A5D-5D9F-4275-BA39-6FB48BAD800D}.Debug|Any CPU.ActiveCfg = Debug|Any CPU
		{5DE40A5D-5D9F-4275-BA39-6FB48BAD800D}.Debug|Any CPU.Build.0 = Debug|Any CPU
		{5DE40A5D-5D9F-4275-BA39-6FB48BAD800D}.Release|Any CPU.ActiveCfg = Release|Any CPU
		{5DE40A5D-5D9F-4275-BA39-6FB48BAD800D}.Release|Any CPU.Build.0 = Release|Any CPU
		{235DC252-04E6-4E84-8021-85188D436F70}.Debug|Any CPU.ActiveCfg = Debug|Any CPU
		{235DC252-04E6-4E84-8021-85188D436F70}.Debug|Any CPU.Build.0 = Debug|Any CPU
		{235DC252-04E6-4E84-8021-85188D436F70}.Release|Any CPU.ActiveCfg = Release|Any CPU
		{235DC252-04E6-4E84-8021-85188D436F70}.Release|Any CPU.Build.0 = Release|Any CPU
	EndGlobalSection
	GlobalSection(SolutionProperties) = preSolution
		HideSolutionNode = FALSE
	EndGlobalSection
	GlobalSection(ExtensibilityGlobals) = postSolution
		SolutionGuid = {423457BC-3F94-4F83-B04D-6D4E8A94D189}
	EndGlobalSection
EndGlobal
